dependencies:
  minimist: 1.2.5
  prompts: 2.4.0
lockfileVersion: 5.1
packages:
  /kleur/3.0.3:
    dev: false
    engines:
      node: '>=6'
    resolution:
      integrity: sha512-eTIzlVOSUR+JxdDFepEYcBMtZ9Qqdef+rnzWdRZuMbOywu5tO2w2N7rqjoANZ5k9vywhL6Br1VRjUIgTQx4E8w==
  /minimist/1.2.5:
    dev: false
    resolution:
      integrity: sha512-FM9nNUYrRBAELZQT3xeZQ7fmMOBg6nWNmJKTcgsJeaLstP/UODVpGsr5OhXhhXg6f+qtJ8uiZ+PUxkDWcgIXLw==
  /prompts/2.4.0:
    dependencies:
      kleur: 3.0.3
      sisteransi: 1.0.5
    dev: false
    engines:
      node: '>= 6'
    resolution:
      integrity: sha512-awZAKrk3vN6CroQukBL+R9051a4R3zCZBlJm/HBfrSZ8iTpYix3VX1vU4mveiLpiwmOJT4wokTF9m6HUk4KqWQ==
  /sisteransi/1.0.5:
    dev: false
    resolution:
      integrity: sha512-bLGGlR1QxBcynn2d5YmDX4MGjlZvy2MRBDRNHLJ8VI6l6+9FUiyTFNJ0IveOSP0bcXgVDPRcfGqA0pjaqUpfVg==
specifiers:
  minimist: ^1.2.5
  prompts: ^2.4.0
